
Microsoft Visual Studio Solution File, Format Version 12.00
# Visual Studio Version 16
VisualStudioVersion = 16.0.31613.86
MinimumVisualStudioVersion = 10.0.40219.1
Project("{FAE04EC0-301F-11D3-BF4B-00C04F79EFBC}") = "TimeLoop", "TimeLoop.csproj", "{B4DA4B23-4901-4C4E-A01E-C8D3865336C6}"
EndProject
Global
	GlobalSection(SolutionConfigurationPlatforms) = preSolution
		Debug|Any CPU = Debug|Any CPU
		Release|Any CPU = Release|Any CPU
	EndGlobalSection
	GlobalSection(ProjectConfigurationPlatforms) = postSolution
		{B4DA4B23-4901-4C4E-A01E-C8D3865336C6}.Debug|Any CPU.ActiveCfg = Debug|Any CPU
		{B4DA4B23-4901-4C4E-A01E-C8D3865336C6}.Debug|Any CPU.Build.0 = Debug|Any CPU
		{B4DA4B23-4901-4C4E-A01E-C8D3865336C6}.Release|Any CPU.ActiveCfg = Release|Any CPU
		{B4DA4B23-4901-4C4E-A01E-C8D3865336C6}.Release|Any CPU.Build.0 = Release|Any CPU
	EndGlobalSection
	GlobalSection(SolutionProperties) = preSolution
		HideSolutionNode = FALSE
	EndGlobalSection
	GlobalSection(ExtensibilityGlobals) = postSolution
		SolutionGuid = {AD8B8909-BF15-4708-9CAE-A01A3ABF1E81}
	EndGlobalSection
EndGlobal
